
Microsoft Visual Studio Solution File, Format Version 12.00
# Visual Studio Version 16
VisualStudioVersion = 16.0.29209.152
MinimumVisualStudioVersion = 10.0.40219.1
Project("{2150E333-8FDC-42A3-9474-1A3956D46DE8}") = "Tools", "Tools", "{5517A2D3-47C5-4FCC-8508-52ADF6140491}"
EndProject
Project("{2150E333-8FDC-42A3-9474-1A3956D46DE8}") = "Solution Items", "Solution Items", "{6E141BB7-FE7E-4F58-A27A-4618996A5BE2}"
	ProjectSection(SolutionItems) = preProject
		readme.md = readme.md
	EndProjectSection
EndProject
Project("{9A19103F-16F7-4668-BE54-9A1E7A4F7556}") = "EDUEX.BL", "EDUEX.BL\EDUEX.BL.csproj", "{C7988771-32D6-4F11-9C12-516B8AFE1889}"
EndProject
Project("{9A19103F-16F7-4668-BE54-9A1E7A4F7556}") = "EDUEX.ConsoleApp", "EDUEX.ConsoleApp\EDUEX.ConsoleApp.csproj", "{8DB91B64-318F-4E7B-A5E9-4E0594439F17}"
EndProject
Project("{9A19103F-16F7-4668-BE54-9A1E7A4F7556}") = "EDUEX.DAL", "EDUEX.DAL\EDUEX.DAL.csproj", "{198EF879-F8CB-428E-80F5-173C8C89B5A7}"
EndProject
Project("{9A19103F-16F7-4668-BE54-9A1E7A4F7556}") = "EDUEX.Data", "EDUEX.Data\EDUEX.Data.csproj", "{A06DB932-3542-4BB9-B139-4C7C56ED0258}"
EndProject
Project("{9A19103F-16F7-4668-BE54-9A1E7A4F7556}") = "EDUEX.Domain", "EDUEX.Domain\EDUEX.Domain.csproj", "{39D447AB-FF9B-486A-8593-EBCB497D5831}"
EndProject
Project("{9A19103F-16F7-4668-BE54-9A1E7A4F7556}") = "EDUEX.SL", "EDUEX.SL\EDUEX.SL.csproj", "{297C6425-CF2A-4C5B-8CB0-70623F65DC70}"
EndProject
Project("{9A19103F-16F7-4668-BE54-9A1E7A4F7556}") = "EDUEX.Web", "EDUEX.Web\EDUEX.Web.csproj", "{49C5D92E-21F6-4B05-8E0C-AF1D28895994}"
EndProject
Project("{9A19103F-16F7-4668-BE54-9A1E7A4F7556}") = "EDUEX.Web.Tests", "EDUEX.Web.Tests\EDUEX.Web.Tests.csproj", "{39B7FAEA-1E8B-4E5F-8869-88E5FE196735}"
EndProject
Global
	GlobalSection(SolutionConfigurationPlatforms) = preSolution
		Debug|Any CPU = Debug|Any CPU
		Release|Any CPU = Release|Any CPU
	EndGlobalSection
	GlobalSection(ProjectConfigurationPlatforms) = postSolution
		{C7988771-32D6-4F11-9C12-516B8AFE1889}.Debug|Any CPU.ActiveCfg = Debug|Any CPU
		{C7988771-32D6-4F11-9C12-516B8AFE1889}.Debug|Any CPU.Build.0 = Debug|Any CPU
		{C7988771-32D6-4F11-9C12-516B8AFE1889}.Release|Any CPU.ActiveCfg = Release|Any CPU
		{C7988771-32D6-4F11-9C12-516B8AFE1889}.Release|Any CPU.Build.0 = Release|Any CPU
		{8DB91B64-318F-4E7B-A5E9-4E0594439F17}.Debug|Any CPU.ActiveCfg = Debug|Any CPU
		{8DB91B64-318F-4E7B-A5E9-4E0594439F17}.Debug|Any CPU.Build.0 = Debug|Any CPU
		{8DB91B64-318F-4E7B-A5E9-4E0594439F17}.Release|Any CPU.ActiveCfg = Release|Any CPU
		{8DB91B64-318F-4E7B-A5E9-4E0594439F17}.Release|Any CPU.Build.0 = Release|Any CPU
		{198EF879-F8CB-428E-80F5-173C8C89B5A7}.Debug|Any CPU.ActiveCfg = Debug|Any CPU
		{198EF879-F8CB-428E-80F5-173C8C89B5A7}.Debug|Any CPU.Build.0 = Debug|Any CPU
		{198EF879-F8CB-428E-80F5-173C8C89B5A7}.Release|Any CPU.ActiveCfg = Release|Any CPU
		{198EF879-F8CB-428E-80F5-173C8C89B5A7}.Release|Any CPU.Build.0 = Release|Any CPU
		{A06DB932-3542-4BB9-B139-4C7C56ED0258}.Debug|Any CPU.ActiveCfg = Debug|Any CPU
		{A06DB932-3542-4BB9-B139-4C7C56ED0258}.Debug|Any CPU.Build.0 = Debug|Any CPU
		{A06DB932-3542-4BB9-B139-4C7C56ED0258}.Release|Any CPU.ActiveCfg = Release|Any CPU
		{A06DB932-3542-4BB9-B139-4C7C56ED0258}.Release|Any CPU.Build.0 = Release|Any CPU
		{39D447AB-FF9B-486A-8593-EBCB497D5831}.Debug|Any CPU.ActiveCfg = Debug|Any CPU
		{39D447AB-FF9B-486A-8593-EBCB497D5831}.Debug|Any CPU.Build.0 = Debug|Any CPU
		{39D447AB-FF9B-486A-8593-EBCB497D5831}.Release|Any CPU.ActiveCfg = Release|Any CPU
		{39D447AB-FF9B-486A-8593-EBCB497D5831}.Release|Any CPU.Build.0 = Release|Any CPU
		{297C6425-CF2A-4C5B-8CB0-70623F65DC70}.Debug|Any CPU.ActiveCfg = Debug|Any CPU
		{297C6425-CF2A-4C5B-8CB0-70623F65DC70}.Debug|Any CPU.Build.0 = Debug|Any CPU
		{297C6425-CF2A-4C5B-8CB0-70623F65DC70}.Release|Any CPU.ActiveCfg = Release|Any CPU
		{297C6425-CF2A-4C5B-8CB0-70623F65DC70}.Release|Any CPU.Build.0 = Release|Any CPU
		{49C5D92E-21F6-4B05-8E0C-AF1D28895994}.Debug|Any CPU.ActiveCfg = Debug|Any CPU
		{49C5D92E-21F6-4B05-8E0C-AF1D28895994}.Debug|Any CPU.Build.0 = Debug|Any CPU
		{49C5D92E-21F6-4B05-8E0C-AF1D28895994}.Release|Any CPU.ActiveCfg = Release|Any CPU
		{49C5D92E-21F6-4B05-8E0C-AF1D28895994}.Release|Any CPU.Build.0 = Release|Any CPU
		{39B7FAEA-1E8B-4E5F-8869-88E5FE196735}.Debug|Any CPU.ActiveCfg = Debug|Any CPU
		{39B7FAEA-1E8B-4E5F-8869-88E5FE196735}.Debug|Any CPU.Build.0 = Debug|Any CPU
		{39B7FAEA-1E8B-4E5F-8869-88E5FE196735}.Release|Any CPU.ActiveCfg = Release|Any CPU
		{39B7FAEA-1E8B-4E5F-8869-88E5FE196735}.Release|Any CPU.Build.0 = Release|Any CPU
	EndGlobalSection
	GlobalSection(SolutionProperties) = preSolution
		HideSolutionNode = FALSE
	EndGlobalSection
	GlobalSection(ExtensibilityGlobals) = postSolution
		SolutionGuid = {460C3E87-FE19-4BAA-84DA-77FE0D157593}
	EndGlobalSection
EndGlobal
